
Microsoft Visual Studio Solution File, Format Version 12.00
# Visual Studio Version 17
VisualStudioVersion = 17.1.32228.430
MinimumVisualStudioVersion = 10.0.40219.1
Project("{FAE04EC0-301F-11D3-BF4B-00C04F79EFBC}") = "TrabalhoKatia", "TrabalhoKatia\TrabalhoKatia.csproj", "{D9E1A037-EAFD-41DD-80E4-98EF90AFF0C5}"
EndProject
Global
	GlobalSection(SolutionConfigurationPlatforms) = preSolution
		Debug|Any CPU = Debug|Any CPU
		Release|Any CPU = Release|Any CPU
	EndGlobalSection
	GlobalSection(ProjectConfigurationPlatforms) = postSolution
		{D9E1A037-EAFD-41DD-80E4-98EF90AFF0C5}.Debug|Any CPU.ActiveCfg = Debug|Any CPU
		{D9E1A037-EAFD-41DD-80E4-98EF90AFF0C5}.Debug|Any CPU.Build.0 = Debug|Any CPU
		{D9E1A037-EAFD-41DD-80E4-98EF90AFF0C5}.Release|Any CPU.ActiveCfg = Release|Any CPU
		{D9E1A037-EAFD-41DD-80E4-98EF90AFF0C5}.Release|Any CPU.Build.0 = Release|Any CPU
	EndGlobalSection
	GlobalSection(SolutionProperties) = preSolution
		HideSolutionNode = FALSE
	EndGlobalSection
	GlobalSection(ExtensibilityGlobals) = postSolution
		SolutionGuid = {0B26FFC1-0C2A-45FE-BA7E-04B0D8C69329}
	EndGlobalSection
EndGlobal
